// !$*UTF8*$!
{
	archiveVersion = 1;
	classes = {
	};
	objectVersion = 56;
	objects = {

/* Begin PBXBuildFile section */
		FD268DF52AF8EB8E00353449 /* SearchBarView.swift in Sources */ = {isa = PBXBuildFile; fileRef = FD268DF42AF8EB8E00353449 /* SearchBarView.swift */; };
		FD268DFE2AF92AD400353449 /* DetailViewDomain.swift in Sources */ = {isa = PBXBuildFile; fileRef = FD268DFD2AF92AD400353449 /* DetailViewDomain.swift */; };
		FD268E002AF92D5F00353449 /* DetailView.swift in Sources */ = {isa = PBXBuildFile; fileRef = FD268DFF2AF92D5F00353449 /* DetailView.swift */; };
		FD268E022AF92E8000353449 /* HeaderDetailView.swift in Sources */ = {isa = PBXBuildFile; fileRef = FD268E012AF92E8000353449 /* HeaderDetailView.swift */; };
		FD268E042AF9517A00353449 /* ArtGridView.swift in Sources */ = {isa = PBXBuildFile; fileRef = FD268E032AF9517A00353449 /* ArtGridView.swift */; };
		FD7B6C012AF8B4A000D93288 /* ArtLibraryApp.swift in Sources */ = {isa = PBXBuildFile; fileRef = FD7B6C002AF8B4A000D93288 /* ArtLibraryApp.swift */; };
		FD7B6C082AF8B4A100D93288 /* Preview Assets.xcassets in Resources */ = {isa = PBXBuildFile; fileRef = FD7B6C072AF8B4A100D93288 /* Preview Assets.xcassets */; };
		FD7B6C0F2AF8B4B000D93288 /* artists.json in Resources */ = {isa = PBXBuildFile; fileRef = FD7B6C0E2AF8B4AF00D93288 /* artists.json */; };
		FD7B6C112AF8B4D000D93288 /* Assets.xcassets in Resources */ = {isa = PBXBuildFile; fileRef = FD7B6C102AF8B4D000D93288 /* Assets.xcassets */; };
		FD7B6C132AF8B51400D93288 /* Extension + Bundle.swift in Sources */ = {isa = PBXBuildFile; fileRef = FD7B6C122AF8B51400D93288 /* Extension + Bundle.swift */; };
		FD7B6C152AF8B63900D93288 /* Artist.swift in Sources */ = {isa = PBXBuildFile; fileRef = FD7B6C142AF8B63900D93288 /* Artist.swift */; };
		FD7B6C1A2AF8BCD800D93288 /* ReducerProtocol.swift in Sources */ = {isa = PBXBuildFile; fileRef = FD7B6C192AF8BCD800D93288 /* ReducerProtocol.swift */; };
		FD7B6C1C2AF8C1AD00D93288 /* MainViewDomain.swift in Sources */ = {isa = PBXBuildFile; fileRef = FD7B6C1B2AF8C1AD00D93288 /* MainViewDomain.swift */; };
		FD7B6C1E2AF8C9A900D93288 /* MainView.swift in Sources */ = {isa = PBXBuildFile; fileRef = FD7B6C1D2AF8C9A900D93288 /* MainView.swift */; };
		FD7B6C212AF8D96F00D93288 /* Store.swift in Sources */ = {isa = PBXBuildFile; fileRef = FD7B6C202AF8D96F00D93288 /* Store.swift */; };
		FD7B6C232AF8D9B700D93288 /* ArtistItem.swift in Sources */ = {isa = PBXBuildFile; fileRef = FD7B6C222AF8D9B700D93288 /* ArtistItem.swift */; };
/* End PBXBuildFile section */

/* Begin PBXFileReference section */
		FD268DF42AF8EB8E00353449 /* SearchBarView.swift */ = {isa = PBXFileReference; lastKnownFileType = sourcecode.swift; path = SearchBarView.swift; sourceTree = "<group>"; };
		FD268DFD2AF92AD400353449 /* DetailViewDomain.swift */ = {isa = PBXFileReference; lastKnownFileType = sourcecode.swift; path = DetailViewDomain.swift; sourceTree = "<group>"; };
		FD268DFF2AF92D5F00353449 /* DetailView.swift */ = {isa = PBXFileReference; lastKnownFileType = sourcecode.swift; path = DetailView.swift; sourceTree = "<group>"; };
		FD268E012AF92E8000353449 /* HeaderDetailView.swift */ = {isa = PBXFileReference; lastKnownFileType = sourcecode.swift; path = HeaderDetailView.swift; sourceTree = "<group>"; };
		FD268E032AF9517A00353449 /* ArtGridView.swift */ = {isa = PBXFileReference; lastKnownFileType = sourcecode.swift; path = ArtGridView.swift; sourceTree = "<group>"; };
		FD7B6BFD2AF8B4A000D93288 /* ArtLibrary.app */ = {isa = PBXFileReference; explicitFileType = wrapper.application; includeInIndex = 0; path = ArtLibrary.app; sourceTree = BUILT_PRODUCTS_DIR; };
		FD7B6C002AF8B4A000D93288 /* ArtLibraryApp.swift */ = {isa = PBXFileReference; lastKnownFileType = sourcecode.swift; path = ArtLibraryApp.swift; sourceTree = "<group>"; };
		FD7B6C072AF8B4A100D93288 /* Preview Assets.xcassets */ = {isa = PBXFileReference; lastKnownFileType = folder.assetcatalog; path = "Preview Assets.xcassets"; sourceTree = "<group>"; };
		FD7B6C0E2AF8B4AF00D93288 /* artists.json */ = {isa = PBXFileReference; fileEncoding = 4; lastKnownFileType = text.json; path = artists.json; sourceTree = "<group>"; };
		FD7B6C102AF8B4D000D93288 /* Assets.xcassets */ = {isa = PBXFileReference; lastKnownFileType = folder.assetcatalog; path = Assets.xcassets; sourceTree = "<group>"; };
		FD7B6C122AF8B51400D93288 /* Extension + Bundle.swift */ = {isa = PBXFileReference; lastKnownFileType = sourcecode.swift; path = "Extension + Bundle.swift"; sourceTree = "<group>"; };
		FD7B6C142AF8B63900D93288 /* Artist.swift */ = {isa = PBXFileReference; lastKnownFileType = sourcecode.swift; path = Artist.swift; sourceTree = "<group>"; };
		FD7B6C192AF8BCD800D93288 /* ReducerProtocol.swift */ = {isa = PBXFileReference; lastKnownFileType = sourcecode.swift; path = ReducerProtocol.swift; sourceTree = "<group>"; };
		FD7B6C1B2AF8C1AD00D93288 /* MainViewDomain.swift */ = {isa = PBXFileReference; lastKnownFileType = sourcecode.swift; path = MainViewDomain.swift; sourceTree = "<group>"; };
		FD7B6C1D2AF8C9A900D93288 /* MainView.swift */ = {isa = PBXFileReference; lastKnownFileType = sourcecode.swift; path = MainView.swift; sourceTree = "<group>"; };
		FD7B6C202AF8D96F00D93288 /* Store.swift */ = {isa = PBXFileReference; lastKnownFileType = sourcecode.swift; path = Store.swift; sourceTree = "<group>"; };
		FD7B6C222AF8D9B700D93288 /* ArtistItem.swift */ = {isa = PBXFileReference; lastKnownFileType = sourcecode.swift; path = ArtistItem.swift; sourceTree = "<group>"; };
/* End PBXFileReference section */

/* Begin PBXFrameworksBuildPhase section */
		FD7B6BFA2AF8B4A000D93288 /* Frameworks */ = {
			isa = PBXFrameworksBuildPhase;
			buildActionMask = 2147483647;
			files = (
			);
			runOnlyForDeploymentPostprocessing = 0;
		};
/* End PBXFrameworksBuildPhase section */

/* Begin PBXGroup section */
		FD268DF72AF8FCD200353449 /* Views */ = {
			isa = PBXGroup;
			children = (
				FD268DF82AF8FCDC00353449 /* MainView */,
				FD268DFC2AF92AC000353449 /* DetailView */,
			);
			path = Views;
			sourceTree = "<group>";
		};
		FD268DF82AF8FCDC00353449 /* MainView */ = {
			isa = PBXGroup;
			children = (
				FD7B6C1D2AF8C9A900D93288 /* MainView.swift */,
				FD268DF92AF8FCEE00353449 /* Components */,
				FD268DFA2AF8FD0400353449 /* Reducer */,
			);
			path = MainView;
			sourceTree = "<group>";
		};
		FD268DF92AF8FCEE00353449 /* Components */ = {
			isa = PBXGroup;
			children = (
				FD7B6C222AF8D9B700D93288 /* ArtistItem.swift */,
				FD268DF42AF8EB8E00353449 /* SearchBarView.swift */,
			);
			path = Components;
			sourceTree = "<group>";
		};
		FD268DFA2AF8FD0400353449 /* Reducer */ = {
			isa = PBXGroup;
			children = (
				FD7B6C1B2AF8C1AD00D93288 /* MainViewDomain.swift */,
			);
			path = Reducer;
			sourceTree = "<group>";
		};
		FD268DFC2AF92AC000353449 /* DetailView */ = {
			isa = PBXGroup;
			children = (
				FD268DFF2AF92D5F00353449 /* DetailView.swift */,
				FD268E052AFA80F400353449 /* Components */,
				FD268E062AFA80FD00353449 /* Reducer */,
			);
			path = DetailView;
			sourceTree = "<group>";
		};
		FD268E052AFA80F400353449 /* Components */ = {
			isa = PBXGroup;
			children = (
				FD268E012AF92E8000353449 /* HeaderDetailView.swift */,
				FD268E032AF9517A00353449 /* ArtGridView.swift */,
			);
			path = Components;
			sourceTree = "<group>";
		};
		FD268E062AFA80FD00353449 /* Reducer */ = {
			isa = PBXGroup;
			children = (
				FD268DFD2AF92AD400353449 /* DetailViewDomain.swift */,
			);
			path = Reducer;
			sourceTree = "<group>";
		};
		FD7B6BF42AF8B4A000D93288 = {
			isa = PBXGroup;
			children = (
				FD7B6BFF2AF8B4A000D93288 /* ArtLibrary */,
				FD7B6BFE2AF8B4A000D93288 /* Products */,
			);
			sourceTree = "<group>";
		};
		FD7B6BFE2AF8B4A000D93288 /* Products */ = {
			isa = PBXGroup;
			children = (
				FD7B6BFD2AF8B4A000D93288 /* ArtLibrary.app */,
			);
			name = Products;
			sourceTree = "<group>";
		};
		FD7B6BFF2AF8B4A000D93288 /* ArtLibrary */ = {
			isa = PBXGroup;
			children = (
				FD7B6C002AF8B4A000D93288 /* ArtLibraryApp.swift */,
				FD268DF72AF8FCD200353449 /* Views */,
				FD7B6C1F2AF8D96100D93288 /* UDF */,
				FD7B6C162AF8BC9200D93288 /* Extensions */,
				FD7B6C172AF8BC9E00D93288 /* Models */,
				FD7B6C182AF8BCAB00D93288 /* Resources */,
			);
			path = ArtLibrary;
			sourceTree = "<group>";
		};
		FD7B6C062AF8B4A100D93288 /* Preview Content */ = {
			isa = PBXGroup;
			children = (
				FD7B6C072AF8B4A100D93288 /* Preview Assets.xcassets */,
			);
			path = "Preview Content";
			sourceTree = "<group>";
		};
		FD7B6C162AF8BC9200D93288 /* Extensions */ = {
			isa = PBXGroup;
			children = (
				FD7B6C122AF8B51400D93288 /* Extension + Bundle.swift */,
			);
			path = Extensions;
			sourceTree = "<group>";
		};
		FD7B6C172AF8BC9E00D93288 /* Models */ = {
			isa = PBXGroup;
			children = (
				FD7B6C142AF8B63900D93288 /* Artist.swift */,
			);
			path = Models;
			sourceTree = "<group>";
		};
		FD7B6C182AF8BCAB00D93288 /* Resources */ = {
			isa = PBXGroup;
			children = (
				FD7B6C0E2AF8B4AF00D93288 /* artists.json */,
				FD7B6C102AF8B4D000D93288 /* Assets.xcassets */,
				FD7B6C062AF8B4A100D93288 /* Preview Content */,
			);
			path = Resources;
			sourceTree = "<group>";
		};
		FD7B6C1F2AF8D96100D93288 /* UDF */ = {
			isa = PBXGroup;
			children = (
				FD7B6C192AF8BCD800D93288 /* ReducerProtocol.swift */,
				FD7B6C202AF8D96F00D93288 /* Store.swift */,
			);
			path = UDF;
			sourceTree = "<group>";
		};
/* End PBXGroup section */

/* Begin PBXNativeTarget section */
		FD7B6BFC2AF8B4A000D93288 /* ArtLibrary */ = {
			isa = PBXNativeTarget;
			buildConfigurationList = FD7B6C0B2AF8B4A100D93288 /* Build configuration list for PBXNativeTarget "ArtLibrary" */;
			buildPhases = (
				FD7B6BF92AF8B4A000D93288 /* Sources */,
				FD7B6BFA2AF8B4A000D93288 /* Frameworks */,
				FD7B6BFB2AF8B4A000D93288 /* Resources */,
			);
			buildRules = (
			);
			dependencies = (
			);
			name = ArtLibrary;
			productName = ArtLibrary;
			productReference = FD7B6BFD2AF8B4A000D93288 /* ArtLibrary.app */;
			productType = "com.apple.product-type.application";
		};
/* End PBXNativeTarget section */

/* Begin PBXProject section */
		FD7B6BF52AF8B4A000D93288 /* Project object */ = {
			isa = PBXProject;
			attributes = {
				BuildIndependentTargetsInParallel = 1;
				LastSwiftUpdateCheck = 1430;
				LastUpgradeCheck = 1430;
				TargetAttributes = {
					FD7B6BFC2AF8B4A000D93288 = {
						CreatedOnToolsVersion = 14.3;
					};
				};
			};
			buildConfigurationList = FD7B6BF82AF8B4A000D93288 /* Build configuration list for PBXProject "ArtLibrary" */;
			compatibilityVersion = "Xcode 14.0";
			developmentRegion = en;
			hasScannedForEncodings = 0;
			knownRegions = (
				en,
				Base,
			);
			mainGroup = FD7B6BF42AF8B4A000D93288;
			productRefGroup = FD7B6BFE2AF8B4A000D93288 /* Products */;
			projectDirPath = "";
			projectRoot = "";
			targets = (
				FD7B6BFC2AF8B4A000D93288 /* ArtLibrary */,
			);
		};
/* End PBXProject section */

/* Begin PBXResourcesBuildPhase section */
		FD7B6BFB2AF8B4A000D93288 /* Resources */ = {
			isa = PBXResourcesBuildPhase;
			buildActionMask = 2147483647;
			files = (
				FD7B6C082AF8B4A100D93288 /* Preview Assets.xcassets in Resources */,
				FD7B6C112AF8B4D000D93288 /* Assets.xcassets in Resources */,
				FD7B6C0F2AF8B4B000D93288 /* artists.json in Resources */,
			);
			runOnlyForDeploymentPostprocessing = 0;
		};
/* End PBXResourcesBuildPhase section */

/* Begin PBXSourcesBuildPhase section */
		FD7B6BF92AF8B4A000D93288 /* Sources */ = {
			isa = PBXSourcesBuildPhase;
			buildActionMask = 2147483647;
			files = (
				FD268DF52AF8EB8E00353449 /* SearchBarView.swift in Sources */,
				FD7B6C132AF8B51400D93288 /* Extension + Bundle.swift in Sources */,
				FD7B6C232AF8D9B700D93288 /* ArtistItem.swift in Sources */,
				FD268E042AF9517A00353449 /* ArtGridView.swift in Sources */,
				FD268DFE2AF92AD400353449 /* DetailViewDomain.swift in Sources */,
				FD7B6C1E2AF8C9A900D93288 /* MainView.swift in Sources */,
				FD268E002AF92D5F00353449 /* DetailView.swift in Sources */,
				FD7B6C1A2AF8BCD800D93288 /* ReducerProtocol.swift in Sources */,
				FD7B6C212AF8D96F00D93288 /* Store.swift in Sources */,
				FD268E022AF92E8000353449 /* HeaderDetailView.swift in Sources */,
				FD7B6C152AF8B63900D93288 /* Artist.swift in Sources */,
				FD7B6C012AF8B4A000D93288 /* ArtLibraryApp.swift in Sources */,
				FD7B6C1C2AF8C1AD00D93288 /* MainViewDomain.swift in Sources */,
			);
			runOnlyForDeploymentPostprocessing = 0;
		};
/* End PBXSourcesBuildPhase section */

/* Begin XCBuildConfiguration section */
		FD7B6C092AF8B4A100D93288 /* Debug */ = {
			isa = XCBuildConfiguration;
			buildSettings = {
				ALWAYS_SEARCH_USER_PATHS = NO;
				CLANG_ANALYZER_NONNULL = YES;
				CLANG_ANALYZER_NUMBER_OBJECT_CONVERSION = YES_AGGRESSIVE;
				CLANG_CXX_LANGUAGE_STANDARD = "gnu++20";
				CLANG_ENABLE_MODULES = YES;
				CLANG_ENABLE_OBJC_ARC = YES;
				CLANG_ENABLE_OBJC_WEAK = YES;
				CLANG_WARN_BLOCK_CAPTURE_AUTORELEASING = YES;
				CLANG_WARN_BOOL_CONVERSION = YES;
				CLANG_WARN_COMMA = YES;
				CLANG_WARN_CONSTANT_CONVERSION = YES;
				CLANG_WARN_DEPRECATED_OBJC_IMPLEMENTATIONS = YES;
				CLANG_WARN_DIRECT_OBJC_ISA_USAGE = YES_ERROR;
				CLANG_WARN_DOCUMENTATION_COMMENTS = YES;
				CLANG_WARN_EMPTY_BODY = YES;
				CLANG_WARN_ENUM_CONVERSION = YES;
				CLANG_WARN_INFINITE_RECURSION = YES;
				CLANG_WARN_INT_CONVERSION = YES;
				CLANG_WARN_NON_LITERAL_NULL_CONVERSION = YES;
				CLANG_WARN_OBJC_IMPLICIT_RETAIN_SELF = YES;
				CLANG_WARN_OBJC_LITERAL_CONVERSION = YES;
				CLANG_WARN_OBJC_ROOT_CLASS = YES_ERROR;
				CLANG_WARN_QUOTED_INCLUDE_IN_FRAMEWORK_HEADER = YES;
				CLANG_WARN_RANGE_LOOP_ANALYSIS = YES;
				CLANG_WARN_STRICT_PROTOTYPES = YES;
				CLANG_WARN_SUSPICIOUS_MOVE = YES;
				CLANG_WARN_UNGUARDED_AVAILABILITY = YES_AGGRESSIVE;
				CLANG_WARN_UNREACHABLE_CODE = YES;
				CLANG_WARN__DUPLICATE_METHOD_MATCH = YES;
				COPY_PHASE_STRIP = NO;
				DEBUG_INFORMATION_FORMAT = dwarf;
				ENABLE_STRICT_OBJC_MSGSEND = YES;
				ENABLE_TESTABILITY = YES;
				GCC_C_LANGUAGE_STANDARD = gnu11;
				GCC_DYNAMIC_NO_PIC = NO;
				GCC_NO_COMMON_BLOCKS = YES;
				GCC_OPTIMIZATION_LEVEL = 0;
				GCC_PREPROCESSOR_DEFINITIONS = (
					"DEBUG=1",
					"$(inherited)",
				);
				GCC_WARN_64_TO_32_BIT_CONVERSION = YES;
				GCC_WARN_ABOUT_RETURN_TYPE = YES_ERROR;
				GCC_WARN_UNDECLARED_SELECTOR = YES;
				GCC_WARN_UNINITIALIZED_AUTOS = YES_AGGRESSIVE;
				GCC_WARN_UNUSED_FUNCTION = YES;
				GCC_WARN_UNUSED_VARIABLE = YES;
				IPHONEOS_DEPLOYMENT_TARGET = 16.4;
				MTL_ENABLE_DEBUG_INFO = INCLUDE_SOURCE;
				MTL_FAST_MATH = YES;
				ONLY_ACTIVE_ARCH = YES;
				SDKROOT = iphoneos;
				SWIFT_ACTIVE_COMPILATION_CONDITIONS = DEBUG;
				SWIFT_OPTIMIZATION_LEVEL = "-Onone";
			};
			name = Debug;
		};
		FD7B6C0A2AF8B4A100D93288 /* Release */ = {
			isa = XCBuildConfiguration;
			buildSettings = {
				ALWAYS_SEARCH_USER_PATHS = NO;
				CLANG_ANALYZER_NONNULL = YES;
				CLANG_ANALYZER_NUMBER_OBJECT_CONVERSION = YES_AGGRESSIVE;
				CLANG_CXX_LANGUAGE_STANDARD = "gnu++20";
				CLANG_ENABLE_MODULES = YES;
				CLANG_ENABLE_OBJC_ARC = YES;
				CLANG_ENABLE_OBJC_WEAK = YES;
				CLANG_WARN_BLOCK_CAPTURE_AUTORELEASING = YES;
				CLANG_WARN_BOOL_CONVERSION = YES;
				CLANG_WARN_COMMA = YES;
				CLANG_WARN_CONSTANT_CONVERSION = YES;
				CLANG_WARN_DEPRECATED_OBJC_IMPLEMENTATIONS = YES;
				CLANG_WARN_DIRECT_OBJC_ISA_USAGE = YES_ERROR;
				CLANG_WARN_DOCUMENTATION_COMMENTS = YES;
				CLANG_WARN_EMPTY_BODY = YES;
				CLANG_WARN_ENUM_CONVERSION = YES;
				CLANG_WARN_INFINITE_RECURSION = YES;
				CLANG_WARN_INT_CONVERSION = YES;
				CLANG_WARN_NON_LITERAL_NULL_CONVERSION = YES;
				CLANG_WARN_OBJC_IMPLICIT_RETAIN_SELF = YES;
				CLANG_WARN_OBJC_LITERAL_CONVERSION = YES;
				CLANG_WARN_OBJC_ROOT_CLASS = YES_ERROR;
				CLANG_WARN_QUOTED_INCLUDE_IN_FRAMEWORK_HEADER = YES;
				CLANG_WARN_RANGE_LOOP_ANALYSIS = YES;
				CLANG_WARN_STRICT_PROTOTYPES = YES;
				CLANG_WARN_SUSPICIOUS_MOVE = YES;
				CLANG_WARN_UNGUARDED_AVAILABILITY = YES_AGGRESSIVE;
				CLANG_WARN_UNREACHABLE_CODE = YES;
				CLANG_WARN__DUPLICATE_METHOD_MATCH = YES;
				COPY_PHASE_STRIP = NO;
				DEBUG_INFORMATION_FORMAT = "dwarf-with-dsym";
				ENABLE_NS_ASSERTIONS = NO;
				ENABLE_STRICT_OBJC_MSGSEND = YES;
				GCC_C_LANGUAGE_STANDARD = gnu11;
				GCC_NO_COMMON_BLOCKS = YES;
				GCC_WARN_64_TO_32_BIT_CONVERSION = YES;
				GCC_WARN_ABOUT_RETURN_TYPE = YES_ERROR;
				GCC_WARN_UNDECLARED_SELECTOR = YES;
				GCC_WARN_UNINITIALIZED_AUTOS = YES_AGGRESSIVE;
				GCC_WARN_UNUSED_FUNCTION = YES;
				GCC_WARN_UNUSED_VARIABLE = YES;
				IPHONEOS_DEPLOYMENT_TARGET = 16.4;
				MTL_ENABLE_DEBUG_INFO = NO;
				MTL_FAST_MATH = YES;
				SDKROOT = iphoneos;
				SWIFT_COMPILATION_MODE = wholemodule;
				SWIFT_OPTIMIZATION_LEVEL = "-O";
				VALIDATE_PRODUCT = YES;
			};
			name = Release;
		};
		FD7B6C0C2AF8B4A100D93288 /* Debug */ = {
			isa = XCBuildConfiguration;
			buildSettings = {
				ASSETCATALOG_COMPILER_APPICON_NAME = AppIcon;
				ASSETCATALOG_COMPILER_GLOBAL_ACCENT_COLOR_NAME = AccentColor;
				CODE_SIGN_STYLE = Automatic;
				CURRENT_PROJECT_VERSION = 1;
				DEVELOPMENT_ASSET_PATHS = "\"ArtLibrary/Resources/Preview Content\"";
				DEVELOPMENT_TEAM = BMFF8ZNZAT;
				ENABLE_PREVIEWS = YES;
				GENERATE_INFOPLIST_FILE = YES;
				INFOPLIST_KEY_UIApplicationSceneManifest_Generation = YES;
				INFOPLIST_KEY_UIApplicationSupportsIndirectInputEvents = YES;
				INFOPLIST_KEY_UILaunchScreen_Generation = YES;
				INFOPLIST_KEY_UISupportedInterfaceOrientations_iPad = "UIInterfaceOrientationPortrait UIInterfaceOrientationPortraitUpsideDown UIInterfaceOrientationLandscapeLeft UIInterfaceOrientationLandscapeRight";
				INFOPLIST_KEY_UISupportedInterfaceOrientations_iPhone = "UIInterfaceOrientationPortrait UIInterfaceOrientationLandscapeLeft UIInterfaceOrientationLandscapeRight";
				LD_RUNPATH_SEARCH_PATHS = (
					"$(inherited)",
					"@executable_path/Frameworks",
				);
				MARKETING_VERSION = 1.0;
				PRODUCT_BUNDLE_IDENTIFIER = "Kasharin-M.ArtLibrary";
				PRODUCT_NAME = "$(TARGET_NAME)";
				SWIFT_EMIT_LOC_STRINGS = YES;
				SWIFT_VERSION = 5.0;
				TARGETED_DEVICE_FAMILY = "1,2";
			};
			name = Debug;
		};
		FD7B6C0D2AF8B4A100D93288 /* Release */ = {
			isa = XCBuildConfiguration;
			buildSettings = {
				ASSETCATALOG_COMPILER_APPICON_NAME = AppIcon;
				ASSETCATALOG_COMPILER_GLOBAL_ACCENT_COLOR_NAME = AccentColor;
				CODE_SIGN_STYLE = Automatic;
				CURRENT_PROJECT_VERSION = 1;
				DEVELOPMENT_ASSET_PATHS = "\"ArtLibrary/Resources/Preview Content\"";
				DEVELOPMENT_TEAM = BMFF8ZNZAT;
				ENABLE_PREVIEWS = YES;
				GENERATE_INFOPLIST_FILE = YES;
				INFOPLIST_KEY_UIApplicationSceneManifest_Generation = YES;
				INFOPLIST_KEY_UIApplicationSupportsIndirectInputEvents = YES;
				INFOPLIST_KEY_UILaunchScreen_Generation = YES;
				INFOPLIST_KEY_UISupportedInterfaceOrientations_iPad = "UIInterfaceOrientationPortrait UIInterfaceOrientationPortraitUpsideDown UIInterfaceOrientationLandscapeLeft UIInterfaceOrientationLandscapeRight";
				INFOPLIST_KEY_UISupportedInterfaceOrientations_iPhone = "UIInterfaceOrientationPortrait UIInterfaceOrientationLandscapeLeft UIInterfaceOrientationLandscapeRight";
				LD_RUNPATH_SEARCH_PATHS = (
					"$(inherited)",
					"@executable_path/Frameworks",
				);
				MARKETING_VERSION = 1.0;
				PRODUCT_BUNDLE_IDENTIFIER = "Kasharin-M.ArtLibrary";
				PRODUCT_NAME = "$(TARGET_NAME)";
				SWIFT_EMIT_LOC_STRINGS = YES;
				SWIFT_VERSION = 5.0;
				TARGETED_DEVICE_FAMILY = "1,2";
			};
			name = Release;
		};
/* End XCBuildConfiguration section */

/* Begin XCConfigurationList section */
		FD7B6BF82AF8B4A000D93288 /* Build configuration list for PBXProject "ArtLibrary" */ = {
			isa = XCConfigurationList;
			buildConfigurations = (
				FD7B6C092AF8B4A100D93288 /* Debug */,
				FD7B6C0A2AF8B4A100D93288 /* Release */,
			);
			defaultConfigurationIsVisible = 0;
			defaultConfigurationName = Release;
		};
		FD7B6C0B2AF8B4A100D93288 /* Build configuration list for PBXNativeTarget "ArtLibrary" */ = {
			isa = XCConfigurationList;
			buildConfigurations = (
				FD7B6C0C2AF8B4A100D93288 /* Debug */,
				FD7B6C0D2AF8B4A100D93288 /* Release */,
			);
			defaultConfigurationIsVisible = 0;
			defaultConfigurationName = Release;
		};
/* End XCConfigurationList section */
	};
	rootObject = FD7B6BF52AF8B4A000D93288 /* Project object */;
}
